Microsoft Visual Studio Solution File, Format Version 12.00
# Visual Studio 2012
Project("{FAE04EC0-301F-11D3-BF4B-00C04F79EFBC}") = "PGH_Test", "PGH_Test.csproj", "{AEB3B3E8-80DC-4CDE-A8ED-4A9A668C65EF}"
EndProject
Global
	GlobalSection(SolutionConfigurationPlatforms) = preSolution
	Debug|Any CPU = Debug|Any CPU
	ExportDebug|Any CPU = ExportDebug|Any CPU
	ExportRelease|Any CPU = ExportRelease|Any CPU
	EndGlobalSection
	GlobalSection(ProjectConfigurationPlatforms) = postSolution
		{AEB3B3E8-80DC-4CDE-A8ED-4A9A668C65EF}.Debug|Any CPU.ActiveCfg = Debug|Any CPU
		{AEB3B3E8-80DC-4CDE-A8ED-4A9A668C65EF}.Debug|Any CPU.Build.0 = Debug|Any CPU
		{AEB3B3E8-80DC-4CDE-A8ED-4A9A668C65EF}.ExportDebug|Any CPU.ActiveCfg = ExportDebug|Any CPU
		{AEB3B3E8-80DC-4CDE-A8ED-4A9A668C65EF}.ExportDebug|Any CPU.Build.0 = ExportDebug|Any CPU
		{AEB3B3E8-80DC-4CDE-A8ED-4A9A668C65EF}.ExportRelease|Any CPU.ActiveCfg = ExportRelease|Any CPU
		{AEB3B3E8-80DC-4CDE-A8ED-4A9A668C65EF}.ExportRelease|Any CPU.Build.0 = ExportRelease|Any CPU
	EndGlobalSection
EndGlobal
